Microsoft Visual Studio Solution File, Format Version 11.00
# Visual Studio 2008

Project("{07307469-620A-A8B3-CF62-64D5B31D466B}") = "Monster-Girl", "Assembly-CSharp.csproj", "{578999C7-38E4-D91A-DE43-2ADC6ADB0FA8}"
EndProject
Global
	GlobalSection(SolutionConfigurationPlatforms) = preSolution
		Debug|Any CPU = Debug|Any CPU
		Release|Any CPU = Release|Any CPU
	EndGlobalSection
	GlobalSection(ProjectConfigurationPlatforms) = postSolution
		{578999C7-38E4-D91A-DE43-2ADC6ADB0FA8}.Debug|Any CPU.ActiveCfg = Debug|Any CPU
		{578999C7-38E4-D91A-DE43-2ADC6ADB0FA8}.Debug|Any CPU.Build.0 = Debug|Any CPU
		{578999C7-38E4-D91A-DE43-2ADC6ADB0FA8}.Release|Any CPU.ActiveCfg = Release|Any CPU
		{578999C7-38E4-D91A-DE43-2ADC6ADB0FA8}.Release|Any CPU.Build.0 = Release|Any CPU
	EndGlobalSection
	GlobalSection(SolutionProperties) = preSolution
		HideSolutionNode = FALSE
	EndGlobalSection
	GlobalSection(MonoDevelopProperties) = preSolution
		StartupItem = Assembly-CSharp.csproj
	EndGlobalSection
EndGlobal
